
Microsoft Visual Studio Solution File, Format Version 12.00
# Visual Studio Version 16
VisualStudioVersion = 16.0.31702.278
MinimumVisualStudioVersion = 10.0.40219.1
Project("{FAE04EC0-301F-11D3-BF4B-00C04F79EFBC}") = "Trasporte", "Trasporte\Trasporte.csproj", "{166FC109-00D3-424A-B95E-ED92BB983936}"
EndProject
Global
	GlobalSection(SolutionConfigurationPlatforms) = preSolution
		Debug|Any CPU = Debug|Any CPU
		Release|Any CPU = Release|Any CPU
	EndGlobalSection
	GlobalSection(ProjectConfigurationPlatforms) = postSolution
		{166FC109-00D3-424A-B95E-ED92BB983936}.Debug|Any CPU.ActiveCfg = Debug|Any CPU
		{166FC109-00D3-424A-B95E-ED92BB983936}.Debug|Any CPU.Build.0 = Debug|Any CPU
		{166FC109-00D3-424A-B95E-ED92BB983936}.Release|Any CPU.ActiveCfg = Release|Any CPU
		{166FC109-00D3-424A-B95E-ED92BB983936}.Release|Any CPU.Build.0 = Release|Any CPU
	EndGlobalSection
	GlobalSection(SolutionProperties) = preSolution
		HideSolutionNode = FALSE
	EndGlobalSection
	GlobalSection(ExtensibilityGlobals) = postSolution
		SolutionGuid = {2797D73C-7CEE-48DE-A412-F1CC843CC9F3}
	EndGlobalSection
EndGlobal
